
Microsoft Visual Studio Solution File, Format Version 12.00
# Visual Studio 15
VisualStudioVersion = 15.0.28307.1062
MinimumVisualStudioVersion = 10.0.40219.1
Project("{FAE04EC0-301F-11D3-BF4B-00C04F79EFBC}") = "Entity_Framework_MVC_Many_To_Many", "Entity_Framework_MVC_Many_To_Many\Entity_Framework_MVC_Many_To_Many.csproj", "{0044E9C3-D6EA-4D04-A316-10DBF5F3D478}"
EndProject
Global
	GlobalSection(SolutionConfigurationPlatforms) = preSolution
		Debug|Any CPU = Debug|Any CPU
		Release|Any CPU = Release|Any CPU
	EndGlobalSection
	GlobalSection(ProjectConfigurationPlatforms) = postSolution
		{0044E9C3-D6EA-4D04-A316-10DBF5F3D478}.Debug|Any CPU.ActiveCfg = Debug|Any CPU
		{0044E9C3-D6EA-4D04-A316-10DBF5F3D478}.Debug|Any CPU.Build.0 = Debug|Any CPU
		{0044E9C3-D6EA-4D04-A316-10DBF5F3D478}.Release|Any CPU.ActiveCfg = Release|Any CPU
		{0044E9C3-D6EA-4D04-A316-10DBF5F3D478}.Release|Any CPU.Build.0 = Release|Any CPU
	EndGlobalSection
	GlobalSection(SolutionProperties) = preSolution
		HideSolutionNode = FALSE
	EndGlobalSection
	GlobalSection(ExtensibilityGlobals) = postSolution
		SolutionGuid = {346A76C9-C153-4D3C-BE1A-89D7EE82DBED}
	EndGlobalSection
EndGlobal
